
Microsoft Visual Studio Solution File, Format Version 12.00
# Visual Studio 15
Project("{FAE04EC0-301F-11D3-BF4B-00C04F79EFBC}") = "FillInFables.Android", "FillInFables.Android\FillInFables.Android.csproj", "{065F72C4-87FC-4FD0-B5A3-7462EC9F040B}"
EndProject
Project("{FAE04EC0-301F-11D3-BF4B-00C04F79EFBC}") = "FillInFables.iOS", "FillInFables.iOS\FillInFables.iOS.csproj", "{3FE2DAE3-D286-496E-BBCD-7DC008332E18}"
EndProject
Project("{FAE04EC0-301F-11D3-BF4B-00C04F79EFBC}") = "FillInFables", "FillInFables\FillInFables.csproj", "{D73F2EA5-885F-427E-BCA1-9906CA5D12AB}"
EndProject
Global
	GlobalSection(SolutionConfigurationPlatforms) = preSolution
		Debug|Any CPU = Debug|Any CPU
		Release|Any CPU = Release|Any CPU
		Debug|iPhoneSimulator = Debug|iPhoneSimulator
		Release|iPhoneSimulator = Release|iPhoneSimulator
		Debug|iPhone = Debug|iPhone
		Release|iPhone = Release|iPhone
	EndGlobalSection
	GlobalSection(ProjectConfigurationPlatforms) = postSolution
		{065F72C4-87FC-4FD0-B5A3-7462EC9F040B}.Debug|Any CPU.ActiveCfg = Debug|Any CPU
		{065F72C4-87FC-4FD0-B5A3-7462EC9F040B}.Debug|Any CPU.Build.0 = Debug|Any CPU
		{065F72C4-87FC-4FD0-B5A3-7462EC9F040B}.Release|Any CPU.ActiveCfg = Release|Any CPU
		{065F72C4-87FC-4FD0-B5A3-7462EC9F040B}.Release|Any CPU.Build.0 = Release|Any CPU
		{065F72C4-87FC-4FD0-B5A3-7462EC9F040B}.Debug|iPhoneSimulator.ActiveCfg = Debug|Any CPU
		{065F72C4-87FC-4FD0-B5A3-7462EC9F040B}.Debug|iPhoneSimulator.Build.0 = Debug|Any CPU
		{065F72C4-87FC-4FD0-B5A3-7462EC9F040B}.Release|iPhoneSimulator.ActiveCfg = Release|Any CPU
		{065F72C4-87FC-4FD0-B5A3-7462EC9F040B}.Release|iPhoneSimulator.Build.0 = Release|Any CPU
		{065F72C4-87FC-4FD0-B5A3-7462EC9F040B}.Debug|iPhone.ActiveCfg = Debug|Any CPU
		{065F72C4-87FC-4FD0-B5A3-7462EC9F040B}.Debug|iPhone.Build.0 = Debug|Any CPU
		{065F72C4-87FC-4FD0-B5A3-7462EC9F040B}.Release|iPhone.ActiveCfg = Release|Any CPU
		{065F72C4-87FC-4FD0-B5A3-7462EC9F040B}.Release|iPhone.Build.0 = Release|Any CPU
		{3FE2DAE3-D286-496E-BBCD-7DC008332E18}.Debug|Any CPU.ActiveCfg = Debug|iPhoneSimulator
		{3FE2DAE3-D286-496E-BBCD-7DC008332E18}.Debug|Any CPU.Build.0 = Debug|iPhoneSimulator
		{3FE2DAE3-D286-496E-BBCD-7DC008332E18}.Release|Any CPU.ActiveCfg = Release|iPhoneSimulator
		{3FE2DAE3-D286-496E-BBCD-7DC008332E18}.Release|Any CPU.Build.0 = Release|iPhoneSimulator
		{3FE2DAE3-D286-496E-BBCD-7DC008332E18}.Debug|iPhoneSimulator.ActiveCfg = Debug|iPhoneSimulator
		{3FE2DAE3-D286-496E-BBCD-7DC008332E18}.Debug|iPhoneSimulator.Build.0 = Debug|iPhoneSimulator
		{3FE2DAE3-D286-496E-BBCD-7DC008332E18}.Release|iPhoneSimulator.ActiveCfg = Release|iPhoneSimulator
		{3FE2DAE3-D286-496E-BBCD-7DC008332E18}.Release|iPhoneSimulator.Build.0 = Release|iPhoneSimulator
		{3FE2DAE3-D286-496E-BBCD-7DC008332E18}.Debug|iPhone.ActiveCfg = Debug|iPhone
		{3FE2DAE3-D286-496E-BBCD-7DC008332E18}.Debug|iPhone.Build.0 = Debug|iPhone
		{3FE2DAE3-D286-496E-BBCD-7DC008332E18}.Release|iPhone.ActiveCfg = Release|iPhone
		{3FE2DAE3-D286-496E-BBCD-7DC008332E18}.Release|iPhone.Build.0 = Release|iPhone
		{D73F2EA5-885F-427E-BCA1-9906CA5D12AB}.Debug|Any CPU.ActiveCfg = Debug|Any CPU
		{D73F2EA5-885F-427E-BCA1-9906CA5D12AB}.Debug|Any CPU.Build.0 = Debug|Any CPU
		{D73F2EA5-885F-427E-BCA1-9906CA5D12AB}.Release|Any CPU.ActiveCfg = Release|Any CPU
		{D73F2EA5-885F-427E-BCA1-9906CA5D12AB}.Release|Any CPU.Build.0 = Release|Any CPU
		{D73F2EA5-885F-427E-BCA1-9906CA5D12AB}.Debug|iPhoneSimulator.ActiveCfg = Debug|Any CPU
		{D73F2EA5-885F-427E-BCA1-9906CA5D12AB}.Debug|iPhoneSimulator.Build.0 = Debug|Any CPU
		{D73F2EA5-885F-427E-BCA1-9906CA5D12AB}.Release|iPhoneSimulator.ActiveCfg = Release|Any CPU
		{D73F2EA5-885F-427E-BCA1-9906CA5D12AB}.Release|iPhoneSimulator.Build.0 = Release|Any CPU
		{D73F2EA5-885F-427E-BCA1-9906CA5D12AB}.Debug|iPhone.ActiveCfg = Debug|Any CPU
		{D73F2EA5-885F-427E-BCA1-9906CA5D12AB}.Debug|iPhone.Build.0 = Debug|Any CPU
		{D73F2EA5-885F-427E-BCA1-9906CA5D12AB}.Release|iPhone.ActiveCfg = Release|Any CPU
		{D73F2EA5-885F-427E-BCA1-9906CA5D12AB}.Release|iPhone.Build.0 = Release|Any CPU
	EndGlobalSection
EndGlobal
