
Microsoft Visual Studio Solution File, Format Version 12.00
# Visual Studio 15
Project("{FAE04EC0-301F-11D3-BF4B-00C04F79EFBC}") = "WhichTurtleAreYou.Android", "WhichTurtleAreYou.Android\WhichTurtleAreYou.Android.csproj", "{3FAC5FEB-271A-49A2-9483-9B45DD4F8A9F}"
EndProject
Project("{FAE04EC0-301F-11D3-BF4B-00C04F79EFBC}") = "WhichTurtleAreYou.iOS", "WhichTurtleAreYou.iOS\WhichTurtleAreYou.iOS.csproj", "{EA028AD9-AA45-477E-9F86-82208ED90483}"
EndProject
Project("{FAE04EC0-301F-11D3-BF4B-00C04F79EFBC}") = "WhichTurtleAreYou", "WhichTurtleAreYou\WhichTurtleAreYou.csproj", "{CBF020EB-FC38-407C-AE5D-473DEFBD89A7}"
EndProject
Global
	GlobalSection(SolutionConfigurationPlatforms) = preSolution
		Debug|Any CPU = Debug|Any CPU
		Release|Any CPU = Release|Any CPU
		Debug|iPhoneSimulator = Debug|iPhoneSimulator
		Release|iPhoneSimulator = Release|iPhoneSimulator
		Debug|iPhone = Debug|iPhone
		Release|iPhone = Release|iPhone
	EndGlobalSection
	GlobalSection(ProjectConfigurationPlatforms) = postSolution
		{3FAC5FEB-271A-49A2-9483-9B45DD4F8A9F}.Debug|Any CPU.ActiveCfg = Debug|Any CPU
		{3FAC5FEB-271A-49A2-9483-9B45DD4F8A9F}.Debug|Any CPU.Build.0 = Debug|Any CPU
		{3FAC5FEB-271A-49A2-9483-9B45DD4F8A9F}.Release|Any CPU.ActiveCfg = Release|Any CPU
		{3FAC5FEB-271A-49A2-9483-9B45DD4F8A9F}.Release|Any CPU.Build.0 = Release|Any CPU
		{3FAC5FEB-271A-49A2-9483-9B45DD4F8A9F}.Debug|iPhoneSimulator.ActiveCfg = Debug|Any CPU
		{3FAC5FEB-271A-49A2-9483-9B45DD4F8A9F}.Debug|iPhoneSimulator.Build.0 = Debug|Any CPU
		{3FAC5FEB-271A-49A2-9483-9B45DD4F8A9F}.Release|iPhoneSimulator.ActiveCfg = Release|Any CPU
		{3FAC5FEB-271A-49A2-9483-9B45DD4F8A9F}.Release|iPhoneSimulator.Build.0 = Release|Any CPU
		{3FAC5FEB-271A-49A2-9483-9B45DD4F8A9F}.Debug|iPhone.ActiveCfg = Debug|Any CPU
		{3FAC5FEB-271A-49A2-9483-9B45DD4F8A9F}.Debug|iPhone.Build.0 = Debug|Any CPU
		{3FAC5FEB-271A-49A2-9483-9B45DD4F8A9F}.Release|iPhone.ActiveCfg = Release|Any CPU
		{3FAC5FEB-271A-49A2-9483-9B45DD4F8A9F}.Release|iPhone.Build.0 = Release|Any CPU
		{EA028AD9-AA45-477E-9F86-82208ED90483}.Debug|Any CPU.ActiveCfg = Debug|iPhoneSimulator
		{EA028AD9-AA45-477E-9F86-82208ED90483}.Debug|Any CPU.Build.0 = Debug|iPhoneSimulator
		{EA028AD9-AA45-477E-9F86-82208ED90483}.Release|Any CPU.ActiveCfg = Release|iPhoneSimulator
		{EA028AD9-AA45-477E-9F86-82208ED90483}.Release|Any CPU.Build.0 = Release|iPhoneSimulator
		{EA028AD9-AA45-477E-9F86-82208ED90483}.Debug|iPhoneSimulator.ActiveCfg = Debug|iPhoneSimulator
		{EA028AD9-AA45-477E-9F86-82208ED90483}.Debug|iPhoneSimulator.Build.0 = Debug|iPhoneSimulator
		{EA028AD9-AA45-477E-9F86-82208ED90483}.Release|iPhoneSimulator.ActiveCfg = Release|iPhoneSimulator
		{EA028AD9-AA45-477E-9F86-82208ED90483}.Release|iPhoneSimulator.Build.0 = Release|iPhoneSimulator
		{EA028AD9-AA45-477E-9F86-82208ED90483}.Debug|iPhone.ActiveCfg = Debug|iPhone
		{EA028AD9-AA45-477E-9F86-82208ED90483}.Debug|iPhone.Build.0 = Debug|iPhone
		{EA028AD9-AA45-477E-9F86-82208ED90483}.Release|iPhone.ActiveCfg = Release|iPhone
		{EA028AD9-AA45-477E-9F86-82208ED90483}.Release|iPhone.Build.0 = Release|iPhone
		{CBF020EB-FC38-407C-AE5D-473DEFBD89A7}.Debug|Any CPU.ActiveCfg = Debug|Any CPU
		{CBF020EB-FC38-407C-AE5D-473DEFBD89A7}.Debug|Any CPU.Build.0 = Debug|Any CPU
		{CBF020EB-FC38-407C-AE5D-473DEFBD89A7}.Release|Any CPU.ActiveCfg = Release|Any CPU
		{CBF020EB-FC38-407C-AE5D-473DEFBD89A7}.Release|Any CPU.Build.0 = Release|Any CPU
		{CBF020EB-FC38-407C-AE5D-473DEFBD89A7}.Debug|iPhoneSimulator.ActiveCfg = Debug|Any CPU
		{CBF020EB-FC38-407C-AE5D-473DEFBD89A7}.Debug|iPhoneSimulator.Build.0 = Debug|Any CPU
		{CBF020EB-FC38-407C-AE5D-473DEFBD89A7}.Release|iPhoneSimulator.ActiveCfg = Release|Any CPU
		{CBF020EB-FC38-407C-AE5D-473DEFBD89A7}.Release|iPhoneSimulator.Build.0 = Release|Any CPU
		{CBF020EB-FC38-407C-AE5D-473DEFBD89A7}.Debug|iPhone.ActiveCfg = Debug|Any CPU
		{CBF020EB-FC38-407C-AE5D-473DEFBD89A7}.Debug|iPhone.Build.0 = Debug|Any CPU
		{CBF020EB-FC38-407C-AE5D-473DEFBD89A7}.Release|iPhone.ActiveCfg = Release|Any CPU
		{CBF020EB-FC38-407C-AE5D-473DEFBD89A7}.Release|iPhone.Build.0 = Release|Any CPU
	EndGlobalSection
EndGlobal
